
Microsoft Visual Studio Solution File, Format Version 12.00
# Visual Studio Version 17
VisualStudioVersion = 17.0.31912.275
MinimumVisualStudioVersion = 10.0.40219.1
Project("{9A19103F-16F7-4668-BE54-9A1E7A4F7556}") = "SportPlannerApi", "SportPlannerApi\SportPlannerApi.csproj", "{E260DB0B-97FA-4924-A8E4-AA7B8888603F}"
EndProject
Project("{9A19103F-16F7-4668-BE54-9A1E7A4F7556}") = "SportPlanner.ModelsDto", "SportPlanner.ModelsDto\SportPlanner.ModelsDto.csproj", "{E76C6910-E168-40AD-8E17-BF54D00F4A67}"
EndProject
Project("{2150E333-8FDC-42A3-9474-1A3956D46DE8}") = "Tests", "Tests", "{4488FE12-659C-4F84-BBB4-4138AC4BD96C}"
EndProject
Project("{9A19103F-16F7-4668-BE54-9A1E7A4F7556}") = "SportPlanner.Repository.Tests", "SportPlanner.DataLayer.Tests\SportPlanner.Repository.Tests.csproj", "{656C9975-E8FE-4372-BC5F-F0D933624AE7}"
EndProject
Project("{2150E333-8FDC-42A3-9474-1A3956D46DE8}") = "DbScripts", "DbScripts", "{7A9A682C-BB9A-44F9-B2BF-2887700B5CD6}"
	ProjectSection(SolutionItems) = preProject
		Scripts\SqlDb\VT2022.sql = Scripts\SqlDb\VT2022.sql
	EndProjectSection
EndProject
Project("{9A19103F-16F7-4668-BE54-9A1E7A4F7556}") = "SportPlanner.Repository", "SportPlanner.Repository\SportPlanner.Repository.csproj", "{8131815A-3E1A-4B90-BFFF-56E0AF5A4BF8}"
EndProject
Global
	GlobalSection(SolutionConfigurationPlatforms) = preSolution
		Debug|Any CPU = Debug|Any CPU
		Release|Any CPU = Release|Any CPU
	EndGlobalSection
	GlobalSection(ProjectConfigurationPlatforms) = postSolution
		{E260DB0B-97FA-4924-A8E4-AA7B8888603F}.Debug|Any CPU.ActiveCfg = Debug|Any CPU
		{E260DB0B-97FA-4924-A8E4-AA7B8888603F}.Debug|Any CPU.Build.0 = Debug|Any CPU
		{E260DB0B-97FA-4924-A8E4-AA7B8888603F}.Release|Any CPU.ActiveCfg = Release|Any CPU
		{E260DB0B-97FA-4924-A8E4-AA7B8888603F}.Release|Any CPU.Build.0 = Release|Any CPU
		{E76C6910-E168-40AD-8E17-BF54D00F4A67}.Debug|Any CPU.ActiveCfg = Debug|Any CPU
		{E76C6910-E168-40AD-8E17-BF54D00F4A67}.Debug|Any CPU.Build.0 = Debug|Any CPU
		{E76C6910-E168-40AD-8E17-BF54D00F4A67}.Release|Any CPU.ActiveCfg = Release|Any CPU
		{E76C6910-E168-40AD-8E17-BF54D00F4A67}.Release|Any CPU.Build.0 = Release|Any CPU
		{656C9975-E8FE-4372-BC5F-F0D933624AE7}.Debug|Any CPU.ActiveCfg = Debug|Any CPU
		{656C9975-E8FE-4372-BC5F-F0D933624AE7}.Debug|Any CPU.Build.0 = Debug|Any CPU
		{656C9975-E8FE-4372-BC5F-F0D933624AE7}.Release|Any CPU.ActiveCfg = Release|Any CPU
		{656C9975-E8FE-4372-BC5F-F0D933624AE7}.Release|Any CPU.Build.0 = Release|Any CPU
		{8131815A-3E1A-4B90-BFFF-56E0AF5A4BF8}.Debug|Any CPU.ActiveCfg = Debug|Any CPU
		{8131815A-3E1A-4B90-BFFF-56E0AF5A4BF8}.Debug|Any CPU.Build.0 = Debug|Any CPU
		{8131815A-3E1A-4B90-BFFF-56E0AF5A4BF8}.Release|Any CPU.ActiveCfg = Release|Any CPU
		{8131815A-3E1A-4B90-BFFF-56E0AF5A4BF8}.Release|Any CPU.Build.0 = Release|Any CPU
	EndGlobalSection
	GlobalSection(SolutionProperties) = preSolution
		HideSolutionNode = FALSE
	EndGlobalSection
	GlobalSection(NestedProjects) = preSolution
		{656C9975-E8FE-4372-BC5F-F0D933624AE7} = {4488FE12-659C-4F84-BBB4-4138AC4BD96C}
	EndGlobalSection
	GlobalSection(ExtensibilityGlobals) = postSolution
		SolutionGuid = {9F0E0E56-AE7C-4293-AEB2-161925C0753F}
	EndGlobalSection
EndGlobal
